{
  "object": {
    "pins": [
      {
        "package": "swift-argument-parser",
        "repositoryURL": "https://github.com/apple/swift-argument-parser",
        "state": {
          "branch": null,
          "revision": "e394bf350e38cb100b6bc4172834770ede1b7232",
          "version": "1.0.3"
        }
      },
      {
        "package": "cmark-gfm",
        "repositoryURL": "https://github.com/apple/swift-cmark.git",
        "state": {
          "branch": "gfm",
          "revision": "86aeb491675de6f077a3a6df6cbcac1a25dcbee1",
          "version": null
        }
      },
      {
        "package": "SwiftDocCPlugin",
        "repositoryURL": "https://github.com/apple/swift-docc-plugin",
        "state": {
          "branch": null,
          "revision": "10bc670db657d11bdd561e07de30a9041311b2b1",
          "version": "1.1.0"
        }
      },
      {
        "package": "swift-http-server",
        "repositoryURL": "https://bitbucket.org/atlassian/swift-http-server",
        "state": {
          "branch": null,
          "revision": "72211fb4139a84b6eaa71b1e15356604c84d0d94",
          "version": "0.7.4"
        }
      },
      {
        "package": "swift-http-server",
        "repositoryURL": "ssh://git@bitbucket.org:7999/swift/swift-http-server.git",
        "state": {
          "branch": null,
          "revision": "72211fb4139a84b6eaa71b1e15356604c84d0d94",
          "version": "0.7.4"
        }
      }, 
      {
        "package": "SymbolKit",
        "repositoryURL": "https://github.com/apple/swift-docc-symbolkit",
        "state": {
          "branch": null,
          "revision": "b45d1f2ed151d057b54504d653e0da5552844e34",
          "version": "1.0.0"
        }
      }
    ]
  },
  "version": 1
}
