{
  "version": 1,
  "dependencies": {
    "Any,Version=v0.0": {
      "Antlr": {
        "type": "Direct",
        "requested": "[3.5.0.2, 3.5.0.2]",
        "resolved": "3.5.0.2",
        "contentHash": "CSfrVuDVMx3OrQhT84zed+tOdM1clljyRLWWlQM22fJsmG836RVDGQlE6tzysXh8X8p9UjkHbLr6OqEIVhtdEA=="
      },
      "bootstrap": {
        "type": "Direct",
        "requested": "[3.4.1, 3.4.1]",
        "resolved": "3.4.1",
        "contentHash": "rnqnZV4sFAgB240hnLRwqoUaV2DfzrYsc6PbsYzRTObrrucLZyvb+8F1yTVT1sDbXMi/NXlyRmiL6wF+d4ZJMA=="
      },
      "jQuery": {
        "type": "Direct",
        "requested": "[3.4.1, 3.4.1]",
        "resolved": "3.4.1",
        "contentHash": "vDD5O2nuVN2rF0rTASFSJNM5ef50niEP5HsXDQyXPPZH1rBaAaLtCutHG5wvXOPmrQw+MEZHOcOk9kYmdnL/Xw=="
      },
      "jQuery.Validation": {
        "type": "Direct",
        "requested": "[1.17.0, 1.17.0]",
        "resolved": "1.17.0",
        "contentHash": "pzCKw7J9XugWLBCQCPa2qBVS57vbe3OkuEGgbMGWf+66Tyjanyy6qwC9/6Z+tt2PMtkQqNt+BexNDVkTnE8egw=="
      },
      "Microsoft.AspNet.Mvc": {
        "type": "Direct",
        "requested": "[5.2.7, 5.2.7]",
        "resolved": "5.2.7",
        "contentHash": "m3hUsn48k6Qb5El9A8naTwGTLCdSQKGSpGweqIfiVKltGJzAJJxuXvhhaQQtLCGg3i5V88iGjz0JG72/tlFKlg=="
      },
      "Microsoft.AspNet.Razor": {
        "type": "Direct",
        "requested": "[3.2.7, 3.2.7]",
        "resolved": "3.2.7",
        "contentHash": "BpWEZ+Ys7g9VAkbAfpG5jr5A1fKcmadCCXv3fYfps5YfTVABJIGV4uc9yvmXKxsNsjL+BzDld2gs+xtgT2gg1g=="
      },
      "Microsoft.AspNet.Web.Optimization": {
        "type": "Direct",
        "requested": "[1.1.3, 1.1.3]",
        "resolved": "1.1.3",
        "contentHash": "TWKKpTWEdB8jXp2Vl2TXNKW30GBQg6nnh0y8iZWmGY5c1XY4f649vfDslNHsCsvk9JZxc1Rkm/UGDdfq4gjWRQ=="
      },
      "Microsoft.AspNet.WebPages": {
        "type": "Direct",
        "requested": "[3.2.7, 3.2.7]",
        "resolved": "3.2.7",
        "contentHash": "2jwZFB7PvY+tbdz0ZP4iEo7gMrJxkCQUzoGLh6swUc6ZXl6DoKyDslmGcC/j9PFmJXCRMVIqtRorlPSMU2DuRA=="
      },
      "Microsoft.CodeDom.Providers.DotNetCompilerPlatform": {
        "type": "Direct",
        "requested": "[2.0.1, 2.0.1]",
        "resolved": "2.0.1",
        "contentHash": "pn7IMmDyYRwFE316nnMs27GmedPAnjmOfWalWTO+pJkt6JMwdNDQ3yNbWTYG+7zmUU8P4JxhODhXQygDNGvCWQ=="
      },
      "Microsoft.jQuery.Unobtrusive.Validation": {
        "type": "Direct",
        "requested": "[3.2.11, 3.2.11]",
        "resolved": "3.2.11",
        "contentHash": "8qGe1q3vV5Fwbpb0OSI8SxSiIBeFt9sgAvFvPwgZuuL+PZ+z0VsPB5yeqT+SrvPKpyVpN33MLhgvSW5Zf07IsQ=="
      },
      "Microsoft.Web.Infrastructure": {
        "type": "Direct",
        "requested": "[1.0.0, 1.0.0]",
        "resolved": "1.0.0",
        "contentHash": "FNmvLn5m2LTU/Rs2KWVo0SIIh9Ek+U0ojex7xeDaSHw/zgEP77A8vY5cVWgUtBGS8MJfDGNn8rpXJWEIQaPwTg=="
      },
      "Modernizr": {
        "type": "Direct",
        "requested": "[2.8.3, 2.8.3]",
        "resolved": "2.8.3",
        "contentHash": "OiV7LzwGvejI0lxQAx7HaAA+H6xC3FL6Pgv23Qo5O+5fKp5bt2zj0qz7ZmF+jtWmm9dcQkoTInO7eTFH1JtXEQ=="
      },
      "Newtonsoft.Json": {
        "type": "Direct",
        "requested": "[12.0.2, 12.0.2]",
        "resolved": "12.0.2",
        "contentHash": "rTK0s2EKlfHsQsH6Yx2smvcTCeyoDNgCW7FEYyV01drPlh2T243PR2DiDXqtC5N4GDm4Ma/lkxfW5a/4793vbA=="
      },
      "WebGrease": {
        "type": "Direct",
        "requested": "[1.6.0, 1.6.0]",
        "resolved": "1.6.0",
        "contentHash": "1d29edoh4IZPLig82coowiPBS1ltxT97PwEIkOk0dHqtJwD9v5C7gPm6Ot1hKHT86otKm04oDQ00x5c+PyVyxw=="
      }
    }
  }
}
