# This file is autogenerated, do not edit; changes may be undone by the next 'dep ensure'.


[[projects]]
  digest = "1:2ca532a6bc655663344004ba102436d29031018eab236247678db1d8978627bf"
  name = "cloud.google.com/go"
  packages = ["civil"]
  pruneopts = ""
  revision = "775730d6e48254a2430366162cf6298e5368833c"
  version = "v0.39.0"

[[projects]]
  digest = "1:6158256042564abf0da300ea7cb016f79ddaf24fdda2cc06c9712b0c2e06dd2a"
  name = "contrib.go.opencensus.io/exporter/ocagent"
  packages = ["."]
  pruneopts = ""
  revision = "dcb33c7f3b7cfe67e8a2cea10207ede1b7c40764"
  version = "v0.4.12"

[[projects]]
  digest = "1:40c8c872ea3d3b7fc43e2e18c3fde8517f82fe93a1ce07cf89ab408442c2648a"
  name = "github.com/Azure/azure-amqp-common-go"
  packages = [
    ".",
    "aad",
    "auth",
    "cbs",
    "conn",
    "internal",
    "internal/tracing",
    "log",
    "persist",
    "rpc",
    "sas",
    "uuid",
  ]
  pruneopts = ""
  revision = "b5ea4829bce0d96bc7b4d11bfc8ccd2afdf0ec4a"
  version = "v1.1.4"

[[projects]]
  digest = "1:0acf673ec1b8c98efc55869e533aa34e1409b1e70517ec7a41807a6c17827ed4"
  name = "github.com/Azure/azure-event-hubs-go"
  packages = [
    ".",
    "atom",
    "eph",
    "storage",
  ]
  pruneopts = ""
  revision = "95f9bc025a9462337f8087aa883bc9b35a1e693e"
  version = "v1.3.0"

[[projects]]
  digest = "1:46c496dd18d34d9ab4202ae48ba4f9587eb397f23480e3530c07a342b67ec24a"
  name = "github.com/Azure/azure-pipeline-go"
  packages = ["pipeline"]
  pruneopts = ""
  revision = "55fedc85a614dcd0e942a66f302ae3efb83d563c"
  version = "v0.1.9"

[[projects]]
  digest = "1:026de27aacbf2033be97e9ace64cd7cb815e31c2dbba822cee3825192dda8aa4"
  name = "github.com/Azure/azure-sdk-for-go"
  packages = [
    "profiles/2017-03-09/compute/mgmt/compute",
    "profiles/2017-03-09/network/mgmt/network",
    "profiles/2017-03-09/resources/mgmt/resources",
    "profiles/2017-03-09/storage/mgmt/storage",
    "profiles/latest/keyvault/keyvault",
    "services/authorization/mgmt/2015-07-01/authorization",
    "services/batch/2017-09-01.6.0/batch",
    "services/batch/mgmt/2017-09-01/batch",
    "services/cdn/mgmt/2017-10-12/cdn",
    "services/cognitiveservices/mgmt/2017-04-18/cognitiveservices",
    "services/cognitiveservices/v1.0/customsearch",
    "services/cognitiveservices/v1.0/entitysearch",
    "services/cognitiveservices/v1.0/imagesearch",
    "services/cognitiveservices/v1.0/newssearch",
    "services/cognitiveservices/v1.0/spellcheck",
    "services/cognitiveservices/v1.0/videosearch",
    "services/cognitiveservices/v1.0/websearch",
    "services/cognitiveservices/v2.1/textanalytics",
    "services/compute/mgmt/2016-03-30/compute",
    "services/compute/mgmt/2018-04-01/compute",
    "services/compute/mgmt/2018-06-01/compute",
    "services/containerinstance/mgmt/2018-10-01/containerinstance",
    "services/containerservice/mgmt/2017-09-30/containerservice",
    "services/cosmos-db/mgmt/2015-04-08/documentdb",
    "services/cosmos-db/mongodb",
    "services/eventhub/mgmt/2017-04-01/eventhub",
    "services/graphrbac/1.6/graphrbac",
    "services/keyvault/2016-10-01/keyvault",
    "services/keyvault/auth",
    "services/keyvault/mgmt/2016-10-01/keyvault",
    "services/network/mgmt/2015-06-15/network",
    "services/network/mgmt/2017-09-01/network",
    "services/preview/dns/mgmt/2018-03-01-preview/dns",
    "services/preview/hdinsight/mgmt/2015-03-01-preview/hdinsight",
    "services/preview/monitor/mgmt/2018-03-01/insights",
    "services/preview/msi/mgmt/2015-08-31-preview/msi",
    "services/preview/sql/mgmt/2015-05-01-preview/sql",
    "services/resources/mgmt/2016-02-01/resources",
    "services/resources/mgmt/2017-05-10/resources",
    "services/storage/mgmt/2016-01-01/storage",
    "services/storage/mgmt/2017-06-01/storage",
    "services/storage/mgmt/2017-10-01/storage",
    "services/web/mgmt/2016-09-01/web",
    "version",
  ]
  pruneopts = ""
  revision = "77258e94d84ea36012a72c0e0a1e2faa409c6396"
  version = "v29.0.0"

[[projects]]
  digest = "1:f0dc2e8b5f53bd286e49ba57313df9d450ec1f273c59bc7b0011fd4e99eea7db"
  name = "github.com/Azure/azure-storage-blob-go"
  packages = ["azblob"]
  pruneopts = ""
  revision = "5152f14ace1c6db66bd9cb57840703a8358fa7bc"
  version = "0.3.0"

[[projects]]
  digest = "1:1a217e0b6332045846341ef50125a62c93c0c8c4f892c25788d32ccc15528aa7"
  name = "github.com/Azure/go-autorest"
  packages = [
    "autorest",
    "autorest/adal",
    "autorest/azure",
    "autorest/azure/auth",
    "autorest/azure/cli",
    "autorest/date",
    "autorest/to",
    "autorest/validation",
    "logger",
    "tracing",
  ]
  pruneopts = ""
  revision = "f29a2eccaa178b367df0405778cd85e0af7b4225"
  version = "v12.1.0"

[[projects]]
  digest = "1:10139b9c841acd336ceff02e8a85e0c558dee738b2277bb24d61d9d3c90ef1f2"
  name = "github.com/census-instrumentation/opencensus-proto"
  packages = [
    "gen-go/agent/common/v1",
    "gen-go/agent/metrics/v1",
    "gen-go/agent/trace/v1",
    "gen-go/metrics/v1",
    "gen-go/resource/v1",
    "gen-go/trace/v1",
  ]
  pruneopts = ""
  revision = "a105b96453fe85139acc07b68de48f2cbdd71249"
  version = "v0.2.0"

[[projects]]
  branch = "master"
  digest = "1:970a49480d48bef02273cab98859ba35904e271c54be651031377df25e782f40"
  name = "github.com/denisenkom/go-mssqldb"
  packages = [
    ".",
    "internal/cp",
  ]
  pruneopts = ""
  revision = "eb9f6a1743f30383c8168cc520ca5db1f744d6f4"

[[projects]]
  digest = "1:6098222470fe0172157ce9bbef5d2200df4edde17ee649c5d6e48330e4afa4c6"
  name = "github.com/dgrijalva/jwt-go"
  packages = ["."]
  pruneopts = ""
  revision = "06ea1031745cb8b3dab3f6a236daf2b0aa468b7e"
  version = "v3.2.0"

[[projects]]
  digest = "1:459dfcae44c32c1a6831fb99c75b40e7139aa800a04f55f6e47fedb33ee4407d"
  name = "github.com/dimchansky/utfbom"
  packages = ["."]
  pruneopts = ""
  revision = "d2133a1ce379ef6fa992b0514a77146c60db9d1c"
  version = "v1.1.0"

[[projects]]
  branch = "master"
  digest = "1:e9ffb9315dce0051beb757d0f0fc25db57c4da654efc4eada4ea109c2d9da815"
  name = "github.com/globalsign/mgo"
  packages = [
    ".",
    "bson",
    "internal/json",
    "internal/sasl",
    "internal/scram",
  ]
  pruneopts = ""
  revision = "eeefdecb41b842af6dc652aaea4026e8403e62df"

[[projects]]
  digest = "1:a095a30432f90546e50015de1a7238c2ee552faf775bd4f94010d1db41292db6"
  name = "github.com/gobuffalo/envy"
  packages = ["."]
  pruneopts = ""
  revision = "043cb4b8af871b49563291e32c66bb84378a60ac"
  version = "v1.7.0"

[[projects]]
  digest = "1:529d738b7976c3848cae5cf3a8036440166835e389c1f617af701eeb12a0518d"
  name = "github.com/golang/protobuf"
  packages = [
    "jsonpb",
    "proto",
    "protoc-gen-go/descriptor",
    "protoc-gen-go/generator",
    "protoc-gen-go/generator/internal/remap",
    "protoc-gen-go/plugin",
    "ptypes",
    "ptypes/any",
    "ptypes/duration",
    "ptypes/struct",
    "ptypes/timestamp",
    "ptypes/wrappers",
  ]
  pruneopts = ""
  revision = "b5d812f8a3706043e23a9cd5babf2e5423744d30"
  version = "v1.3.1"

[[projects]]
  digest = "1:dee8ec16fa714522c6cad579dfeeba3caf9644d93b8b452cd7138584402c81f7"
  name = "github.com/grpc-ecosystem/grpc-gateway"
  packages = [
    "internal",
    "runtime",
    "utilities",
  ]
  pruneopts = ""
  revision = "8fd5fd9d19ce68183a6b0934519dfe7fe6269612"
  version = "v1.9.0"

[[projects]]
  digest = "1:85f8f8d390a03287a563e215ea6bd0610c858042731a8b42062435a0dcbc485f"
  name = "github.com/hashicorp/golang-lru"
  packages = ["simplelru"]
  pruneopts = ""
  revision = "7087cb70de9f7a8bc0a10c375cb0d2280a8edf9c"
  version = "v0.5.1"

[[projects]]
  digest = "1:7df5a9695a743c3e1626b28bb8741602c8c15527e1efaeaec48ab2ff9a23f74c"
  name = "github.com/joho/godotenv"
  packages = ["."]
  pruneopts = ""
  revision = "23d116af351c84513e1946b527c88823e476be13"
  version = "v1.3.0"

[[projects]]
  digest = "1:ef0f9731bc6c3c59396adc50f36da36ca98c704812c449794f9326f7bc64b5f1"
  name = "github.com/jpillora/backoff"
  packages = ["."]
  pruneopts = ""
  revision = "8eab2debe79d12b7bd3d10653910df25fa9552ba"
  version = "1.0.0"

[[projects]]
  digest = "1:a69ca302e0e9bab6743b40cb720ef02a8abcc2072eb55c0fd8869b3b285be425"
  name = "github.com/marstr/collection"
  packages = ["."]
  pruneopts = ""
  revision = "43f1d00df9bf332cbf8d26c3eecd6c348e92f7b3"
  version = "v1.0.1"

[[projects]]
  branch = "master"
  digest = "1:49435224a757cdd6728e028a3cdbaf561d8bf3ae9dee0d24be21da544c1b6be9"
  name = "github.com/marstr/randname"
  packages = ["."]
  pruneopts = ""
  revision = "d5b0f288ab8cfdaa716502900e10405f123dc0cf"

[[projects]]
  digest = "1:6dbb0eb72090871f2e58d1e37973fe3cb8c0f45f49459398d3fc740cb30e13bd"
  name = "github.com/mitchellh/go-homedir"
  packages = ["."]
  pruneopts = ""
  revision = "af06845cf3004701891bf4fdb884bfe4920b3727"
  version = "v1.1.0"

[[projects]]
  digest = "1:bcc46a0fbd9e933087bef394871256b5c60269575bb661935874729c65bbbf60"
  name = "github.com/mitchellh/mapstructure"
  packages = ["."]
  pruneopts = ""
  revision = "3536a929edddb9a5b34bd6861dc4a9647cb459fe"
  version = "v1.1.2"

[[projects]]
  digest = "1:df7329aa3c0a189cffe312d484a1c32d93e20b9652097b474ff8b16ac71d2279"
  name = "github.com/openzipkin/zipkin-go"
  packages = [
    ".",
    "idgenerator",
    "model",
    "propagation",
    "reporter",
    "reporter/http",
  ]
  pruneopts = ""
  revision = "1b5162aa314e6ccfcf83777bfb5218988c9e8283"
  version = "v0.1.6"

[[projects]]
  digest = "1:1d7e1867c49a6dd9856598ef7c3123604ea3daabf5b83f303ff457bcbc410b1d"
  name = "github.com/pkg/errors"
  packages = ["."]
  pruneopts = ""
  revision = "ba968bfe8b2f7e042a574c888954fccecfa385b4"
  version = "v0.8.1"

[[projects]]
  digest = "1:5ba8f069e4f3b867775f59ef435941c434e25d42818b4dad2c7c665fa04826b5"
  name = "github.com/rogpeppe/go-internal"
  packages = [
    "modfile",
    "module",
    "semver",
  ]
  pruneopts = ""
  revision = "438578804ca6f31be148c27683afc419ce47c06e"
  version = "v1.3.0"

[[projects]]
  digest = "1:7f569d906bdd20d906b606415b7d794f798f91a62fcfb6a4daa6d50690fb7a3f"
  name = "github.com/satori/go.uuid"
  packages = ["."]
  pruneopts = ""
  revision = "f58768cc1a7a7e77a3bd49e98cdd21419399b6a3"
  version = "v1.2.0"

[[projects]]
  digest = "1:785b4eb9fa77cc5290dff2c72c00fb6759c2c82767895f472582f1aae7421cad"
  name = "go.opencensus.io"
  packages = [
    ".",
    "exporter/zipkin",
    "internal",
    "internal/tagencoding",
    "metric/metricdata",
    "metric/metricproducer",
    "plugin/ocgrpc",
    "plugin/ochttp",
    "plugin/ochttp/propagation/b3",
    "plugin/ochttp/propagation/tracecontext",
    "resource",
    "stats",
    "stats/internal",
    "stats/view",
    "tag",
    "trace",
    "trace/internal",
    "trace/propagation",
    "trace/tracestate",
  ]
  pruneopts = ""
  revision = "43463a80402d8447b7fce0d2c58edf1687ff0b58"
  version = "v0.19.3"

[[projects]]
  branch = "master"
  digest = "1:5b3e9450868bcf9ecbca2b01ac04f142255b5744d89ec97e1ceedf57d4522645"
  name = "golang.org/x/crypto"
  packages = [
    "md4",
    "pkcs12",
    "pkcs12/internal/rc2",
  ]
  pruneopts = ""
  revision = "22d7a77e9e5f409e934ed268692e56707cd169e5"

[[projects]]
  branch = "master"
  digest = "1:c7da5579c766c6c7f70fb5c0ca8062114e7fcb6bb6b2cb163152a2ec9cec1846"
  name = "golang.org/x/net"
  packages = [
    "context",
    "http/httpguts",
    "http2",
    "http2/hpack",
    "idna",
    "internal/timeseries",
    "trace",
    "websocket",
  ]
  pruneopts = ""
  revision = "018c4d40a106a7ae83689758294fcd8d23850745"

[[projects]]
  branch = "master"
  digest = "1:9f6efefb4e401a4f699a295d14518871368eb89403f2dd23ec11dfcd2c0836ba"
  name = "golang.org/x/sync"
  packages = ["semaphore"]
  pruneopts = ""
  revision = "112230192c580c3556b8cee6403af37a4fc5f28c"

[[projects]]
  branch = "master"
  digest = "1:f8fc28f6666a22fb927b5a600299968203845989eba90b977525f3dcf37afd7e"
  name = "golang.org/x/sys"
  packages = ["unix"]
  pruneopts = ""
  revision = "c432e742b0af385916e013f6a34e9e73d139cf82"

[[projects]]
  digest = "1:740b51a55815493a8d0f2b1e0d0ae48fe48953bf7eaf3fcc4198823bf67768c0"
  name = "golang.org/x/text"
  packages = [
    "collate",
    "collate/build",
    "internal/colltab",
    "internal/gen",
    "internal/language",
    "internal/language/compact",
    "internal/tag",
    "internal/triegen",
    "internal/ucd",
    "language",
    "secure/bidirule",
    "transform",
    "unicode/bidi",
    "unicode/cldr",
    "unicode/norm",
    "unicode/rangetable",
  ]
  pruneopts = ""
  revision = "342b2e1fbaa52c93f31447ad2c6abc048c63e475"
  version = "v0.3.2"

[[projects]]
  digest = "1:a516e3b3b8b0eaca16272b3881e588068c97c27fed4faa5708a401f11a2236d1"
  name = "google.golang.org/api"
  packages = ["support/bundler"]
  pruneopts = ""
  revision = "721295fe20d585ce7e948146f82188429d14da33"
  version = "v0.5.0"

[[projects]]
  branch = "master"
  digest = "1:8dd1ca0dc50d8dd88324c6fe1c355a2006e312849704a702d7ca4a3bf28b065c"
  name = "google.golang.org/genproto"
  packages = [
    "googleapis/api/httpbody",
    "googleapis/rpc/status",
    "protobuf/field_mask",
  ]
  pruneopts = ""
  revision = "bb713bdc0e5239f2b68e560efbe1c701a6fe78f9"

[[projects]]
  digest = "1:afc1b03a6d5ba3cbb2e0a12133e734d472e4df3b65f06e600a3d57a4b82f26cc"
  name = "google.golang.org/grpc"
  packages = [
    ".",
    "balancer",
    "balancer/base",
    "balancer/roundrobin",
    "binarylog/grpc_binarylog_v1",
    "codes",
    "connectivity",
    "credentials",
    "credentials/internal",
    "encoding",
    "encoding/proto",
    "grpclog",
    "internal",
    "internal/backoff",
    "internal/balancerload",
    "internal/binarylog",
    "internal/channelz",
    "internal/envconfig",
    "internal/grpcrand",
    "internal/grpcsync",
    "internal/syscall",
    "internal/transport",
    "keepalive",
    "metadata",
    "naming",
    "peer",
    "resolver",
    "resolver/dns",
    "resolver/passthrough",
    "stats",
    "status",
    "tap",
  ]
  pruneopts = ""
  revision = "25c4f928eaa6d96443009bd842389fb4fa48664e"
  version = "v1.20.1"

[[projects]]
  digest = "1:22677de4db7901eedefc577b84ea8c061c2f5531551322a092ad7e1adee4d31c"
  name = "pack.ag/amqp"
  packages = [
    ".",
    "internal/testconn",
  ]
  pruneopts = ""
  revision = "a69a1d51f8e7b55567f8d190a8fab04503a97735"
  version = "v0.11.0"

[solve-meta]
  analyzer-name = "dep"
  analyzer-version = 1
  input-imports = [
    "github.com/Azure/azure-amqp-common-go/aad",
    "github.com/Azure/azure-amqp-common-go/persist",
    "github.com/Azure/azure-event-hubs-go",
    "github.com/Azure/azure-event-hubs-go/eph",
    "github.com/Azure/azure-event-hubs-go/storage",
    "github.com/Azure/azure-sdk-for-go/profiles/2017-03-09/compute/mgmt/compute",
    "github.com/Azure/azure-sdk-for-go/profiles/2017-03-09/network/mgmt/network",
    "github.com/Azure/azure-sdk-for-go/profiles/2017-03-09/resources/mgmt/resources",
    "github.com/Azure/azure-sdk-for-go/profiles/2017-03-09/storage/mgmt/storage",
    "github.com/Azure/azure-sdk-for-go/profiles/latest/keyvault/keyvault",
    "github.com/Azure/azure-sdk-for-go/services/authorization/mgmt/2015-07-01/authorization",
    "github.com/Azure/azure-sdk-for-go/services/batch/2017-09-01.6.0/batch",
    "github.com/Azure/azure-sdk-for-go/services/batch/mgmt/2017-09-01/batch",
    "github.com/Azure/azure-sdk-for-go/services/cdn/mgmt/2017-10-12/cdn",
    "github.com/Azure/azure-sdk-for-go/services/cognitiveservices/mgmt/2017-04-18/cognitiveservices",
    "github.com/Azure/azure-sdk-for-go/services/cognitiveservices/v1.0/customsearch",
    "github.com/Azure/azure-sdk-for-go/services/cognitiveservices/v1.0/entitysearch",
    "github.com/Azure/azure-sdk-for-go/services/cognitiveservices/v1.0/imagesearch",
    "github.com/Azure/azure-sdk-for-go/services/cognitiveservices/v1.0/newssearch",
    "github.com/Azure/azure-sdk-for-go/services/cognitiveservices/v1.0/spellcheck",
    "github.com/Azure/azure-sdk-for-go/services/cognitiveservices/v1.0/videosearch",
    "github.com/Azure/azure-sdk-for-go/services/cognitiveservices/v1.0/websearch",
    "github.com/Azure/azure-sdk-for-go/services/cognitiveservices/v2.1/textanalytics",
    "github.com/Azure/azure-sdk-for-go/services/compute/mgmt/2018-04-01/compute",
    "github.com/Azure/azure-sdk-for-go/services/compute/mgmt/2018-06-01/compute",
    "github.com/Azure/azure-sdk-for-go/services/containerinstance/mgmt/2018-10-01/containerinstance",
    "github.com/Azure/azure-sdk-for-go/services/containerservice/mgmt/2017-09-30/containerservice",
    "github.com/Azure/azure-sdk-for-go/services/cosmos-db/mgmt/2015-04-08/documentdb",
    "github.com/Azure/azure-sdk-for-go/services/cosmos-db/mongodb",
    "github.com/Azure/azure-sdk-for-go/services/eventhub/mgmt/2017-04-01/eventhub",
    "github.com/Azure/azure-sdk-for-go/services/graphrbac/1.6/graphrbac",
    "github.com/Azure/azure-sdk-for-go/services/keyvault/2016-10-01/keyvault",
    "github.com/Azure/azure-sdk-for-go/services/keyvault/auth",
    "github.com/Azure/azure-sdk-for-go/services/keyvault/mgmt/2016-10-01/keyvault",
    "github.com/Azure/azure-sdk-for-go/services/network/mgmt/2017-09-01/network",
    "github.com/Azure/azure-sdk-for-go/services/preview/dns/mgmt/2018-03-01-preview/dns",
    "github.com/Azure/azure-sdk-for-go/services/preview/hdinsight/mgmt/2015-03-01-preview/hdinsight",
    "github.com/Azure/azure-sdk-for-go/services/preview/monitor/mgmt/2018-03-01/insights",
    "github.com/Azure/azure-sdk-for-go/services/preview/msi/mgmt/2015-08-31-preview/msi",
    "github.com/Azure/azure-sdk-for-go/services/preview/sql/mgmt/2015-05-01-preview/sql",
    "github.com/Azure/azure-sdk-for-go/services/resources/mgmt/2017-05-10/resources",
    "github.com/Azure/azure-sdk-for-go/services/storage/mgmt/2017-06-01/storage",
    "github.com/Azure/azure-sdk-for-go/services/web/mgmt/2016-09-01/web",
    "github.com/Azure/azure-storage-blob-go/azblob",
    "github.com/Azure/go-autorest/autorest",
    "github.com/Azure/go-autorest/autorest/adal",
    "github.com/Azure/go-autorest/autorest/azure",
    "github.com/Azure/go-autorest/autorest/azure/auth",
    "github.com/Azure/go-autorest/autorest/date",
    "github.com/Azure/go-autorest/autorest/to",
    "github.com/denisenkom/go-mssqldb",
    "github.com/globalsign/mgo",
    "github.com/globalsign/mgo/bson",
    "github.com/gobuffalo/envy",
    "github.com/marstr/randname",
    "github.com/openzipkin/zipkin-go",
    "github.com/openzipkin/zipkin-go/reporter/http",
    "github.com/pkg/errors",
    "github.com/satori/go.uuid",
    "go.opencensus.io/exporter/zipkin",
    "go.opencensus.io/trace",
  ]
  solver-name = "gps-cdcl"
  solver-version = 1
