# This file is generated by running "yarn install" inside your project.
# Manual changes might be lost - proceed with caution!

__metadata:
  version: 6
  cacheKey: 8

"eslint-config-typescript-shareable@workspace:.":
  version: 0.0.0-use.local
  resolution: "eslint-config-typescript-shareable@workspace:."
  dependencies:
    prettier: 2.6.2
    semver: 7.3.5
  peerDependencies:
    "@typescript-eslint/eslint-plugin": ^5.0.0
    "@typescript-eslint/parser": ^5.0.0
    eslint: ^8.0.0
    eslint-plugin-functional: ^4.0.0
    eslint-plugin-import: ^2.23.4
    eslint-plugin-react: ^7.24.0
    eslint-plugin-react-hooks: ^4.2.0
    postcss: ^8.4.5
    postcss-scss: ^4.0.2
    postcss-styled: ^0.34.0
    postcss-syntax: ^0.36.2
    prettier: ^2.3.0
    stylelint: ^14.2.0
    stylelint-config-recommended: ^6.0.0
    stylelint-config-standard-scss: ^3.0.0
    stylelint-config-styled-components: ^0.1.1
    stylelint-processor-styled-components: ^1.10.0
    typescript: ^4.2.4
    typescript-styled-plugin: ^0.17.0
  languageName: unknown
  linkType: soft

"lru-cache@npm:^6.0.0":
  version: 6.0.0
  resolution: "lru-cache@npm:6.0.0"
  dependencies:
    yallist: ^4.0.0
  checksum: f97f499f898f23e4585742138a22f22526254fdba6d75d41a1c2526b3b6cc5747ef59c5612ba7375f42aca4f8461950e925ba08c991ead0651b4918b7c978297
  languageName: node
  linkType: hard

"prettier@npm:2.6.2":
  version: 2.6.2
  resolution: "prettier@npm:2.6.2"
  bin:
    prettier: bin-prettier.js
  checksum: 48d08dde8e9fb1f5bccdd205baa7f192e9fc8bc98f86e1b97d919de804e28c806b0e6cc685e4a88211aa7987fa9668f30baae19580d87ced3ed0f2ec6572106f
  languageName: node
  linkType: hard

"semver@npm:7.3.5":
  version: 7.3.5
  resolution: "semver@npm:7.3.5"
  dependencies:
    lru-cache: ^6.0.0
  bin:
    semver: bin/semver.js
  checksum: 5eafe6102bea2a7439897c1856362e31cc348ccf96efd455c8b5bc2c61e6f7e7b8250dc26b8828c1d76a56f818a7ee907a36ae9fb37a599d3d24609207001d60
  languageName: node
  linkType: hard

"yallist@npm:^4.0.0":
  version: 4.0.0
  resolution: "yallist@npm:4.0.0"
  checksum: 343617202af32df2a15a3be36a5a8c0c8545208f3d3dfbc6bb7c3e3b7e8c6f8e7485432e4f3b88da3031a6e20afa7c711eded32ddfb122896ac5d914e75848d5
  languageName: node
  linkType: hard
