# This file is generated by running "yarn install" inside your project.
# Manual changes might be lost - proceed with caution!

__metadata:
  version: 6
  cacheKey: 8

"@ac-synth/yjs@npm:^13.5.39-alpha1":
  version: 13.5.39-alpha1
  resolution: "@ac-synth/yjs@npm:13.5.39-alpha1"
  dependencies:
    lib0: ^0.2.49
  checksum: 244f7755657255ad3bc642b5c09e68823499df4367e29b54b945dd3e7bbc32c2a67b5c451cb1450f752d9c7c67c673434a71b1f962e586ec8774815f48262a62
  languageName: node
  linkType: hard

"isomorphic.js@npm:^0.2.4":
  version: 0.2.5
  resolution: "isomorphic.js@npm:0.2.5"
  checksum: d8d1b083f05f3c337a06628b982ac3ce6db953bbef14a9de8ad49131250c3592f864b73c12030fdc9ef138ce97b76ef55c7d96a849561ac215b1b4b9d301c8e9
  languageName: node
  linkType: hard

"lib0@npm:^0.2.49":
  version: 0.2.63
  resolution: "lib0@npm:0.2.63"
  dependencies:
    isomorphic.js: ^0.2.4
  checksum: 5f39ec7f3988e72e4ba11c021ca1ee57dfbb2ef1564a353c5377491105ea8f76791cd5f270876b8f36ba5142f1ac2666ecabbddadd35db0f925e9c33bb8fab9f
  languageName: node
  linkType: hard

"root-workspace-0b6124@workspace:.":
  version: 0.0.0-use.local
  resolution: "root-workspace-0b6124@workspace:."
  dependencies:
    "@ac-synth/yjs": ^13.5.39-alpha1
  languageName: unknown
  linkType: soft
