{
  "name": "no-name",
  "lockfileVersion": 2,
  "requires": true,
  "packages": {
    "": {
      "dependencies": {
        "packageurl-js": "^0.0.1"
      }
    },
    "node_modules/packageurl-js": {
      "version": "0.0.1",
      "resolved": "https://registry.npmjs.org/packageurl-js/-/packageurl-js-0.0.1.tgz",
      "integrity": "sha512-hjMzq6XuAxMMiV55UOIhf6byXKR9Fc046ybroGCpjGtJ5EI9QJG9g/ErYoPt0RGUaAr51C6x+pwUG9pXgLnaqg==",
      "dependencies": {
        "urijs": "^1.19.1"
      }
    },
    "node_modules/urijs": {
      "version": "1.19.7",
      "resolved": "https://registry.npmjs.org/urijs/-/urijs-1.19.7.tgz",
      "integrity": "sha512-Id+IKjdU0Hx+7Zx717jwLPsPeUqz7rAtuVBRLLs+qn+J2nf9NGITWVCxcijgYxBqe83C7sqsQPs6H1pyz3x9gA=="
    }
  },
  "dependencies": {
    "packageurl-js": {
      "version": "0.0.1",
      "resolved": "https://registry.npmjs.org/packageurl-js/-/packageurl-js-0.0.1.tgz",
      "integrity": "sha512-hjMzq6XuAxMMiV55UOIhf6byXKR9Fc046ybroGCpjGtJ5EI9QJG9g/ErYoPt0RGUaAr51C6x+pwUG9pXgLnaqg==",
      "requires": {
        "urijs": "^1.19.1"
      }
    },
    "urijs": {
      "version": "1.19.7",
      "resolved": "https://registry.npmjs.org/urijs/-/urijs-1.19.7.tgz",
      "integrity": "sha512-Id+IKjdU0Hx+7Zx717jwLPsPeUqz7rAtuVBRLLs+qn+J2nf9NGITWVCxcijgYxBqe83C7sqsQPs6H1pyz3x9gA=="
    }
  }
}
