{
  "name": "with-dev-dependencies",
  "version": "0.0.0",
  "lockfileVersion": 2,
  "requires": true,
  "packages": {
    "": {
      "version": "0.0.0",
      "devDependencies": {
        "d3-array": "^3.0.2"
      }
    },
    "node_modules/d3-array": {
      "version": "3.1.1",
      "resolved": "https://registry.npmjs.org/d3-array/-/d3-array-3.1.1.tgz",
      "integrity": "sha512-33qQ+ZoZlli19IFiQx4QEpf2CBEayMRzhlisJHSCsSUbDXv6ZishqS1x7uFVClKG4Wr7rZVHvaAttoLow6GqdQ==",
      "dev": true,
      "dependencies": {
        "internmap": "1 - 2"
      },
      "engines": {
        "node": ">=12"
      }
    },
    "node_modules/internmap": {
      "version": "2.0.3",
      "resolved": "https://registry.npmjs.org/internmap/-/internmap-2.0.3.tgz",
      "integrity": "sha512-5Hh7Y1wQbvY5ooGgPbDaL5iYLAPzMTUrjMulskHLH6wnv/A+1q5rgEaiuqEjB+oxGXIVZs1FF+R/KPN3ZSQYYg==",
      "dev": true,
      "engines": {
        "node": ">=12"
      }
    }
  },
  "dependencies": {
    "d3-array": {
      "version": "3.1.1",
      "resolved": "https://registry.npmjs.org/d3-array/-/d3-array-3.1.1.tgz",
      "integrity": "sha512-33qQ+ZoZlli19IFiQx4QEpf2CBEayMRzhlisJHSCsSUbDXv6ZishqS1x7uFVClKG4Wr7rZVHvaAttoLow6GqdQ==",
      "dev": true,
      "requires": {
        "internmap": "1 - 2"
      }
    },
    "internmap": {
      "version": "2.0.3",
      "resolved": "https://registry.npmjs.org/internmap/-/internmap-2.0.3.tgz",
      "integrity": "sha512-5Hh7Y1wQbvY5ooGgPbDaL5iYLAPzMTUrjMulskHLH6wnv/A+1q5rgEaiuqEjB+oxGXIVZs1FF+R/KPN3ZSQYYg==",
      "dev": true
    }
  }
}
